
Microsoft Visual Studio Solution File, Format Version 12.00
# Visual Studio 2013
VisualStudioVersion = 12.0.21005.1
MinimumVisualStudioVersion = 10.0.40219.1
Project("{FAE04EC0-301F-11D3-BF4B-00C04F79EFBC}") = "QuickySaleOnlineShopper", "QuickySaleOnlineShopper\QuickySaleOnlineShopper.csproj", "{36004F61-8A81-481F-AB51-E31593862AE6}"
EndProject
Project("{FAE04EC0-301F-11D3-BF4B-00C04F79EFBC}") = "BusinessLayer", "BusinessLayer\BusinessLayer.csproj", "{466DD3D0-686C-4D3E-ABED-3D8D70F330C5}"
EndProject
Global
	GlobalSection(SolutionConfigurationPlatforms) = preSolution
		Debug|Any CPU = Debug|Any CPU
		Release|Any CPU = Release|Any CPU
	EndGlobalSection
	GlobalSection(ProjectConfigurationPlatforms) = postSolution
		{36004F61-8A81-481F-AB51-E31593862AE6}.Debug|Any CPU.ActiveCfg = Debug|Any CPU
		{36004F61-8A81-481F-AB51-E31593862AE6}.Debug|Any CPU.Build.0 = Debug|Any CPU
		{36004F61-8A81-481F-AB51-E31593862AE6}.Release|Any CPU.ActiveCfg = Release|Any CPU
		{36004F61-8A81-481F-AB51-E31593862AE6}.Release|Any CPU.Build.0 = Release|Any CPU
		{466DD3D0-686C-4D3E-ABED-3D8D70F330C5}.Debug|Any CPU.ActiveCfg = Debug|Any CPU
		{466DD3D0-686C-4D3E-ABED-3D8D70F330C5}.Debug|Any CPU.Build.0 = Debug|Any CPU
		{466DD3D0-686C-4D3E-ABED-3D8D70F330C5}.Release|Any CPU.ActiveCfg = Release|Any CPU
		{466DD3D0-686C-4D3E-ABED-3D8D70F330C5}.Release|Any CPU.Build.0 = Release|Any CPU
	EndGlobalSection
	GlobalSection(SolutionProperties) = preSolution
		HideSolutionNode = FALSE
	EndGlobalSection
EndGlobal
